
Microsoft Visual Studio Solution File, Format Version 12.00
# Visual Studio Version 16
VisualStudioVersion = 16.0.29709.97
MinimumVisualStudioVersion = 10.0.40219.1
Project("{9A19103F-16F7-4668-BE54-9A1E7A4F7556}") = "BookStoreAPIDemo", "Test\BookStoreAPIDemo.csproj", "{EF55E034-5C04-4AB1-B5B5-FEE74826ECE6}"
EndProject
Global
	GlobalSection(SolutionConfigurationPlatforms) = preSolution
		Debug|Any CPU = Debug|Any CPU
		Release|Any CPU = Release|Any CPU
	EndGlobalSection
	GlobalSection(ProjectConfigurationPlatforms) = postSolution
		{EF55E034-5C04-4AB1-B5B5-FEE74826ECE6}.Debug|Any CPU.ActiveCfg = Debug|Any CPU
		{EF55E034-5C04-4AB1-B5B5-FEE74826ECE6}.Debug|Any CPU.Build.0 = Debug|Any CPU
		{EF55E034-5C04-4AB1-B5B5-FEE74826ECE6}.Release|Any CPU.ActiveCfg = Release|Any CPU
		{EF55E034-5C04-4AB1-B5B5-FEE74826ECE6}.Release|Any CPU.Build.0 = Release|Any CPU
	EndGlobalSection
	GlobalSection(SolutionProperties) = preSolution
		HideSolutionNode = FALSE
	EndGlobalSection
	GlobalSection(ExtensibilityGlobals) = postSolution
		SolutionGuid = {5CE3548A-A99A-4E12-858E-88170E82B774}
	EndGlobalSection
EndGlobal
